
Microsoft Visual Studio Solution File, Format Version 12.00
# Visual Studio Version 17
VisualStudioVersion = 17.13.35825.156 d17.13
MinimumVisualStudioVersion = 10.0.40219.1
Project("{FAE04EC0-301F-11D3-BF4B-00C04F79EFBC}") = "Calculator", "Calculator\Calculator.csproj", "{89B54EBF-09E5-41D3-AD9E-703924A49AAA}"
EndProject
Global
	GlobalSection(SolutionConfigurationPlatforms) = preSolution
		Debug|Any CPU = Debug|Any CPU
		Release|Any CPU = Release|Any CPU
	EndGlobalSection
	GlobalSection(ProjectConfigurationPlatforms) = postSolution
		{89B54EBF-09E5-41D3-AD9E-703924A49AAA}.Debug|Any CPU.ActiveCfg = Debug|Any CPU
		{89B54EBF-09E5-41D3-AD9E-703924A49AAA}.Debug|Any CPU.Build.0 = Debug|Any CPU
		{89B54EBF-09E5-41D3-AD9E-703924A49AAA}.Release|Any CPU.ActiveCfg = Release|Any CPU
		{89B54EBF-09E5-41D3-AD9E-703924A49AAA}.Release|Any CPU.Build.0 = Release|Any CPU
	EndGlobalSection
	GlobalSection(SolutionProperties) = preSolution
		HideSolutionNode = FALSE
	EndGlobalSection
	GlobalSection(ExtensibilityGlobals) = postSolution
		SolutionGuid = {038BA902-602F-4562-9248-36982250AE6F}
	EndGlobalSection
EndGlobal
